// !$*UTF8*$!
{
	archiveVersion = 1;
	classes = {
	};
	objectVersion = 48;
	objects = {

/* Begin PBXBuildFile section */
		5B72CE93208EFB2F00CA6490 /* AppDelegate.m in Sources */ = {isa = PBXBuildFile; fileRef = 5B72CE92208EFB2F00CA6490 /* AppDelegate.m */; };
		5B72CE99208EFB2F00CA6490 /* Main.storyboard in Resources */ = {isa = PBXBuildFile; fileRef = 5B72CE97208EFB2F00CA6490 /* Main.storyboard */; };
		5B72CE9B208EFB2F00CA6490 /* Assets.xcassets in Resources */ = {isa = PBXBuildFile; fileRef = 5B72CE9A208EFB2F00CA6490 /* Assets.xcassets */; };
		5B72CE9E208EFB2F00CA6490 /* LaunchScreen.storyboard in Resources */ = {isa = PBXBuildFile; fileRef = 5B72CE9C208EFB2F00CA6490 /* LaunchScreen.storyboard */; };
		5B72CEA1208EFB2F00CA6490 /* main.m in Sources */ = {isa = PBXBuildFile; fileRef = 5B72CEA0208EFB2F00CA6490 /* main.m */; };
		5B72CEAB208EFB2F00CA6490 /* YMStarsProjectTests.m in Sources */ = {isa = PBXBuildFile; fileRef = 5B72CEAA208EFB2F00CA6490 /* YMStarsProjectTests.m */; };
		5B72CEB6208EFB2F00CA6490 /* YMStarsProjectUITests.m in Sources */ = {isa = PBXBuildFile; fileRef = 5B72CEB5208EFB2F00CA6490 /* YMStarsProjectUITests.m */; };
		5B72CED6208F03B100CA6490 /* AppDelegate+AppService.m in Sources */ = {isa = PBXBuildFile; fileRef = 5B72CED5208F03B100CA6490 /* AppDelegate+AppService.m */; };
		5B72CEDC208F051C00CA6490 /* MainTabBarController.m in Sources */ = {isa = PBXBuildFile; fileRef = 5B72CEDB208F051C00CA6490 /* MainTabBarController.m */; };
		5B72CEE2208F1AB900CA6490 /* CHNavigationController.m in Sources */ = {isa = PBXBuildFile; fileRef = 5B72CEE1208F1AB900CA6490 /* CHNavigationController.m */; };
		5B72CEE5208F22B800CA6490 /* CHRootViewController.m in Sources */ = {isa = PBXBuildFile; fileRef = 5B72CEE4208F22B800CA6490 /* CHRootViewController.m */; };
		5B72CEEC208F2B9100CA6490 /* CHLoginViewController.m in Sources */ = {isa = PBXBuildFile; fileRef = 5B72CEEB208F2B9100CA6490 /* CHLoginViewController.m */; };
		5B72CEF0208F2D1B00CA6490 /* UITabBar+CH.m in Sources */ = {isa = PBXBuildFile; fileRef = 5B72CEEF208F2D1B00CA6490 /* UITabBar+CH.m */; };
		5B72CEF3208F2EDC00CA6490 /* CHTabBar.m in Sources */ = {isa = PBXBuildFile; fileRef = 5B72CEF2208F2EDC00CA6490 /* CHTabBar.m */; };
		5B72CF06208F3B8F00CA6490 /* CHOrganizationViewController.m in Sources */ = {isa = PBXBuildFile; fileRef = 5B72CF05208F3B8F00CA6490 /* CHOrganizationViewController.m */; };
		5B72CF09208F3BA500CA6490 /* CHAddressListViewController.m in Sources */ = {isa = PBXBuildFile; fileRef = 5B72CF08208F3BA500CA6490 /* CHAddressListViewController.m */; };
		5B72CF0C208F3BB400CA6490 /* CHIMListViewController.m in Sources */ = {isa = PBXBuildFile; fileRef = 5B72CF0B208F3BB400CA6490 /* CHIMListViewController.m */; };
		5B72CF0F208F3BBE00CA6490 /* CHMineViewController.m in Sources */ = {isa = PBXBuildFile; fileRef = 5B72CF0E208F3BBE00CA6490 /* CHMineViewController.m */; };
		5B88978A2092F7E600450351 /* CHJSHandler.m in Sources */ = {isa = PBXBuildFile; fileRef = 5B8897892092F7E600450351 /* CHJSHandler.m */; };
		5B88978D2092FA5A00450351 /* CHWebViewController.m in Sources */ = {isa = PBXBuildFile; fileRef = 5B88978C2092FA5A00450351 /* CHWebViewController.m */; };
		5B88979020931A7200450351 /* CHBaseWebViewController.m in Sources */ = {isa = PBXBuildFile; fileRef = 5B88978F20931A7200450351 /* CHBaseWebViewController.m */; };
		5B8B13062091A60F00A3B512 /* UIViewController+AlertViewAndActionSheet.m in Sources */ = {isa = PBXBuildFile; fileRef = 5B8B13052091A60F00A3B512 /* UIViewController+AlertViewAndActionSheet.m */; };
		5B8B13092091AFEC00A3B512 /* CHHTTPManager.m in Sources */ = {isa = PBXBuildFile; fileRef = 5B8B13082091AFEC00A3B512 /* CHHTTPManager.m */; };
		5B8B130E2091CE6700A3B512 /* NSObject+CH.m in Sources */ = {isa = PBXBuildFile; fileRef = 5B8B130C2091CE6700A3B512 /* NSObject+CH.m */; };
		5B8F92ED209C2F5600A9DB9C /* CHTransition.m in Sources */ = {isa = PBXBuildFile; fileRef = 5B8F92EC209C2F5600A9DB9C /* CHTransition.m */; };
		5B8F9310209C3C7500A9DB9C /* CHUserView.m in Sources */ = {isa = PBXBuildFile; fileRef = 5B8F930F209C3C7500A9DB9C /* CHUserView.m */; };
		5B8F9314209C3D0700A9DB9C /* CHPersonalTableViewCell.m in Sources */ = {isa = PBXBuildFile; fileRef = 5B8F9313209C3D0700A9DB9C /* CHPersonalTableViewCell.m */; };
		5B8F9315209C41E100A9DB9C /* CHPersonalGroup.m in Sources */ = {isa = PBXBuildFile; fileRef = 5B8F930D209C3BC700A9DB9C /* CHPersonalGroup.m */; };
		5B8F9316209C41E100A9DB9C /* CHPersonalModel.m in Sources */ = {isa = PBXBuildFile; fileRef = 5B8F9309209C3BC700A9DB9C /* CHPersonalModel.m */; };
		5B8F9317209C446400A9DB9C /* CHPersonalList.plist in Resources */ = {isa = PBXBuildFile; fileRef = 5B8F930A209C3BC700A9DB9C /* CHPersonalList.plist */; };
		5B8F9318209C44AD00A9DB9C /* CHPersonalTableViewCell.xib in Resources */ = {isa = PBXBuildFile; fileRef = 5B8F9312209C3D0700A9DB9C /* CHPersonalTableViewCell.xib */; };
		5B8F931A209C47E500A9DB9C /* CHUserView.xib in Resources */ = {isa = PBXBuildFile; fileRef = 5B8F9319209C47DE00A9DB9C /* CHUserView.xib */; };
		5B8F931D209C4BAD00A9DB9C /* CHNetString.m in Sources */ = {isa = PBXBuildFile; fileRef = 5B8F931C209C4BAC00A9DB9C /* CHNetString.m */; };
		5B909229209063C90086911A /* UserManager.m in Sources */ = {isa = PBXBuildFile; fileRef = 5B909228209063C90086911A /* UserManager.m */; };
		5B90922C209064390086911A /* UserInfo.m in Sources */ = {isa = PBXBuildFile; fileRef = 5B90922B209064390086911A /* UserInfo.m */; };
		5B90922F2090653C0086911A /* UserToken.m in Sources */ = {isa = PBXBuildFile; fileRef = 5B90922E2090653C0086911A /* UserToken.m */; };
		5B90923320906C4F0086911A /* MBProgressHUD+CH.m in Sources */ = {isa = PBXBuildFile; fileRef = 5B90923220906C4F0086911A /* MBProgressHUD+CH.m */; };
		5B90923D20907D560086911A /* HeaderModel.m in Sources */ = {isa = PBXBuildFile; fileRef = 5B90923C20907D560086911A /* HeaderModel.m */; };
		5BF98C342091CFF300C9BD76 /* CHTime.m in Sources */ = {isa = PBXBuildFile; fileRef = 5B8B130B2091CDF900A3B512 /* CHTime.m */; };
		5BF98C382091DB1F00C9BD76 /* CHADPageView.m in Sources */ = {isa = PBXBuildFile; fileRef = 5BF98C372091DB1F00C9BD76 /* CHADPageView.m */; };
		5BF98C3B2091E0E800C9BD76 /* AppManager.m in Sources */ = {isa = PBXBuildFile; fileRef = 5BF98C3A2091E0E800C9BD76 /* AppManager.m */; };
		A4B01DA84034057C4EC80B75 /* libPods-YMStarsProject.a in Frameworks */ = {isa = PBXBuildFile; fileRef = 09596B929F72A4C5FF8054F8 /* libPods-YMStarsProject.a */; };
/* End PBXBuildFile section */

/* Begin PBXContainerItemProxy section */
		5B72CEA7208EFB2F00CA6490 /* PBXContainerItemProxy */ = {
			isa = PBXContainerItemProxy;
			containerPortal = 5B72CE86208EFB2F00CA6490 /* Project object */;
			proxyType = 1;
			remoteGlobalIDString = 5B72CE8D208EFB2F00CA6490;
			remoteInfo = YMStarsProject;
		};
		5B72CEB2208EFB2F00CA6490 /* PBXContainerItemProxy */ = {
			isa = PBXContainerItemProxy;
			containerPortal = 5B72CE86208EFB2F00CA6490 /* Project object */;
			proxyType = 1;
			remoteGlobalIDString = 5B72CE8D208EFB2F00CA6490;
			remoteInfo = YMStarsProject;
		};
/* End PBXContainerItemProxy section */

/* Begin PBXFileReference section */
		09596B929F72A4C5FF8054F8 /* libPods-YMStarsProject.a */ = {isa = PBXFileReference; explicitFileType = archive.ar; includeInIndex = 0; path = "libPods-YMStarsProject.a"; sourceTree = BUILT_PRODUCTS_DIR; };
		2241AE4FBE6541517FE7D62D /* Pods-YMStarsProject.debug.xcconfig */ = {isa = PBXFileReference; includeInIndex = 1; lastKnownFileType = text.xcconfig; name = "Pods-YMStarsProject.debug.xcconfig"; path = "Pods/Target Support Files/Pods-YMStarsProject/Pods-YMStarsProject.debug.xcconfig"; sourceTree = "<group>"; };
		51F514A6B8A3B62C6B439343 /* Pods-YMStarsProject.release.xcconfig */ = {isa = PBXFileReference; includeInIndex = 1; lastKnownFileType = text.xcconfig; name = "Pods-YMStarsProject.release.xcconfig"; path = "Pods/Target Support Files/Pods-YMStarsProject/Pods-YMStarsProject.release.xcconfig"; sourceTree = "<group>"; };
		5B72CE8E208EFB2F00CA6490 /* YMStarsProject.app */ = {isa = PBXFileReference; explicitFileType = wrapper.application; includeInIndex = 0; path = YMStarsProject.app; sourceTree = BUILT_PRODUCTS_DIR; };
		5B72CE91208EFB2F00CA6490 /* AppDelegate.h */ = {isa = PBXFileReference; lastKnownFileType = sourcecode.c.h; path = AppDelegate.h; sourceTree = "<group>"; };
		5B72CE92208EFB2F00CA6490 /* AppDelegate.m */ = {isa = PBXFileReference; lastKnownFileType = sourcecode.c.objc; path = AppDelegate.m; sourceTree = "<group>"; };
		5B72CE98208EFB2F00CA6490 /* Base */ = {isa = PBXFileReference; lastKnownFileType = file.storyboard; name = Base; path = Base.lproj/Main.storyboard; sourceTree = "<group>"; };
		5B72CE9A208EFB2F00CA6490 /* Assets.xcassets */ = {isa = PBXFileReference; lastKnownFileType = folder.assetcatalog; path = Assets.xcassets; sourceTree = "<group>"; };
		5B72CE9D208EFB2F00CA6490 /* Base */ = {isa = PBXFileReference; lastKnownFileType = file.storyboard; name = Base; path = Base.lproj/LaunchScreen.storyboard; sourceTree = "<group>"; };
		5B72CE9F208EFB2F00CA6490 /* Info.plist */ = {isa = PBXFileReference; lastKnownFileType = text.plist.xml; path = Info.plist; sourceTree = "<group>"; };
		5B72CEA0208EFB2F00CA6490 /* main.m */ = {isa = PBXFileReference; lastKnownFileType = sourcecode.c.objc; path = main.m; sourceTree = "<group>"; };
		5B72CEA6208EFB2F00CA6490 /* YMStarsProjectTests.xctest */ = {isa = PBXFileReference; explicitFileType = wrapper.cfbundle; includeInIndex = 0; path = YMStarsProjectTests.xctest; sourceTree = BUILT_PRODUCTS_DIR; };
		5B72CEAA208EFB2F00CA6490 /* YMStarsProjectTests.m */ = {isa = PBXFileReference; lastKnownFileType = sourcecode.c.objc; path = YMStarsProjectTests.m; sourceTree = "<group>"; };
		5B72CEAC208EFB2F00CA6490 /* Info.plist */ = {isa = PBXFileReference; lastKnownFileType = text.plist.xml; path = Info.plist; sourceTree = "<group>"; };
		5B72CEB1208EFB2F00CA6490 /* YMStarsProjectUITests.xctest */ = {isa = PBXFileReference; explicitFileType = wrapper.cfbundle; includeInIndex = 0; path = YMStarsProjectUITests.xctest; sourceTree = BUILT_PRODUCTS_DIR; };
		5B72CEB5208EFB2F00CA6490 /* YMStarsProjectUITests.m */ = {isa = PBXFileReference; lastKnownFileType = sourcecode.c.objc; path = YMStarsProjectUITests.m; sourceTree = "<group>"; };
		5B72CEB7208EFB2F00CA6490 /* Info.plist */ = {isa = PBXFileReference; lastKnownFileType = text.plist.xml; path = Info.plist; sourceTree = "<group>"; };
		5B72CECD208EFF2500CA6490 /* PrefixHeader.pch */ = {isa = PBXFileReference; lastKnownFileType = sourcecode.c.h; path = PrefixHeader.pch; sourceTree = "<group>"; };
		5B72CED4208F03A500CA6490 /* AppDelegate+AppService.h */ = {isa = PBXFileReference; fileEncoding = 4; lastKnownFileType = sourcecode.c.h; path = "AppDelegate+AppService.h"; sourceTree = "<group>"; };
		5B72CED5208F03B100CA6490 /* AppDelegate+AppService.m */ = {isa = PBXFileReference; fileEncoding = 4; lastKnownFileType = sourcecode.c.objc; path = "AppDelegate+AppService.m"; sourceTree = "<group>"; };
		5B72CEDA208F051C00CA6490 /* MainTabBarController.h */ = {isa = PBXFileReference; lastKnownFileType = sourcecode.c.h; path = MainTabBarController.h; sourceTree = "<group>"; };
		5B72CEDB208F051C00CA6490 /* MainTabBarController.m */ = {isa = PBXFileReference; lastKnownFileType = sourcecode.c.objc; path = MainTabBarController.m; sourceTree = "<group>"; };
		5B72CEDD208F09D700CA6490 /* UtilsMacros.h */ = {isa = PBXFileReference; lastKnownFileType = sourcecode.c.h; path = UtilsMacros.h; sourceTree = "<group>"; };
		5B72CEDE208F116B00CA6490 /* Commonmacros.h */ = {isa = PBXFileReference; lastKnownFileType = sourcecode.c.h; path = Commonmacros.h; sourceTree = "<group>"; };
		5B72CEDF208F1A3D00CA6490 /* FontAndColorMacros.h */ = {isa = PBXFileReference; lastKnownFileType = sourcecode.c.h; path = FontAndColorMacros.h; sourceTree = "<group>"; };
		5B72CEE0208F1AB900CA6490 /* CHNavigationController.h */ = {isa = PBXFileReference; lastKnownFileType = sourcecode.c.h; path = CHNavigationController.h; sourceTree = "<group>"; };
		5B72CEE1208F1AB900CA6490 /* CHNavigationController.m */ = {isa = PBXFileReference; lastKnownFileType = sourcecode.c.objc; path = CHNavigationController.m; sourceTree = "<group>"; };
		5B72CEE3208F22B800CA6490 /* CHRootViewController.h */ = {isa = PBXFileReference; lastKnownFileType = sourcecode.c.h; path = CHRootViewController.h; sourceTree = "<group>"; };
		5B72CEE4208F22B800CA6490 /* CHRootViewController.m */ = {isa = PBXFileReference; lastKnownFileType = sourcecode.c.objc; path = CHRootViewController.m; sourceTree = "<group>"; };
		5B72CEEA208F2B9100CA6490 /* CHLoginViewController.h */ = {isa = PBXFileReference; lastKnownFileType = sourcecode.c.h; path = CHLoginViewController.h; sourceTree = "<group>"; };
		5B72CEEB208F2B9100CA6490 /* CHLoginViewController.m */ = {isa = PBXFileReference; lastKnownFileType = sourcecode.c.objc; path = CHLoginViewController.m; sourceTree = "<group>"; };
		5B72CEEE208F2D1B00CA6490 /* UITabBar+CH.h */ = {isa = PBXFileReference; lastKnownFileType = sourcecode.c.h; path = "UITabBar+CH.h"; sourceTree = "<group>"; };
		5B72CEEF208F2D1B00CA6490 /* UITabBar+CH.m */ = {isa = PBXFileReference; lastKnownFileType = sourcecode.c.objc; path = "UITabBar+CH.m"; sourceTree = "<group>"; };
		5B72CEF1208F2EDC00CA6490 /* CHTabBar.h */ = {isa = PBXFileReference; lastKnownFileType = sourcecode.c.h; path = CHTabBar.h; sourceTree = "<group>"; };
		5B72CEF2208F2EDC00CA6490 /* CHTabBar.m */ = {isa = PBXFileReference; lastKnownFileType = sourcecode.c.objc; path = CHTabBar.m; sourceTree = "<group>"; };
		5B72CF04208F3B8F00CA6490 /* CHOrganizationViewController.h */ = {isa = PBXFileReference; lastKnownFileType = sourcecode.c.h; path = CHOrganizationViewController.h; sourceTree = "<group>"; };
		5B72CF05208F3B8F00CA6490 /* CHOrganizationViewController.m */ = {isa = PBXFileReference; lastKnownFileType = sourcecode.c.objc; path = CHOrganizationViewController.m; sourceTree = "<group>"; };
		5B72CF07208F3BA500CA6490 /* CHAddressListViewController.h */ = {isa = PBXFileReference; lastKnownFileType = sourcecode.c.h; path = CHAddressListViewController.h; sourceTree = "<group>"; };
		5B72CF08208F3BA500CA6490 /* CHAddressListViewController.m */ = {isa = PBXFileReference; lastKnownFileType = sourcecode.c.objc; path = CHAddressListViewController.m; sourceTree = "<group>"; };
		5B72CF0A208F3BB400CA6490 /* CHIMListViewController.h */ = {isa = PBXFileReference; lastKnownFileType = sourcecode.c.h; path = CHIMListViewController.h; sourceTree = "<group>"; };
		5B72CF0B208F3BB400CA6490 /* CHIMListViewController.m */ = {isa = PBXFileReference; lastKnownFileType = sourcecode.c.objc; path = CHIMListViewController.m; sourceTree = "<group>"; };
		5B72CF0D208F3BBE00CA6490 /* CHMineViewController.h */ = {isa = PBXFileReference; lastKnownFileType = sourcecode.c.h; path = CHMineViewController.h; sourceTree = "<group>"; };
		5B72CF0E208F3BBE00CA6490 /* CHMineViewController.m */ = {isa = PBXFileReference; lastKnownFileType = sourcecode.c.objc; path = CHMineViewController.m; sourceTree = "<group>"; };
		5B8897882092F7E600450351 /* CHJSHandler.h */ = {isa = PBXFileReference; lastKnownFileType = sourcecode.c.h; path = CHJSHandler.h; sourceTree = "<group>"; };
		5B8897892092F7E600450351 /* CHJSHandler.m */ = {isa = PBXFileReference; lastKnownFileType = sourcecode.c.objc; path = CHJSHandler.m; sourceTree = "<group>"; };
		5B88978B2092FA5A00450351 /* CHWebViewController.h */ = {isa = PBXFileReference; lastKnownFileType = sourcecode.c.h; path = CHWebViewController.h; sourceTree = "<group>"; };
		5B88978C2092FA5A00450351 /* CHWebViewController.m */ = {isa = PBXFileReference; lastKnownFileType = sourcecode.c.objc; path = CHWebViewController.m; sourceTree = "<group>"; };
		5B88978E20931A7200450351 /* CHBaseWebViewController.h */ = {isa = PBXFileReference; lastKnownFileType = sourcecode.c.h; path = CHBaseWebViewController.h; sourceTree = "<group>"; };
		5B88978F20931A7200450351 /* CHBaseWebViewController.m */ = {isa = PBXFileReference; lastKnownFileType = sourcecode.c.objc; path = CHBaseWebViewController.m; sourceTree = "<group>"; };
		5B8B13042091A60F00A3B512 /* UIViewController+AlertViewAndActionSheet.h */ = {isa = PBXFileReference; lastKnownFileType = sourcecode.c.h; path = "UIViewController+AlertViewAndActionSheet.h"; sourceTree = "<group>"; };
		5B8B13052091A60F00A3B512 /* UIViewController+AlertViewAndActionSheet.m */ = {isa = PBXFileReference; lastKnownFileType = sourcecode.c.objc; path = "UIViewController+AlertViewAndActionSheet.m"; sourceTree = "<group>"; };
		5B8B13072091AFEC00A3B512 /* CHHTTPManager.h */ = {isa = PBXFileReference; lastKnownFileType = sourcecode.c.h; path = CHHTTPManager.h; sourceTree = "<group>"; };
		5B8B13082091AFEC00A3B512 /* CHHTTPManager.m */ = {isa = PBXFileReference; lastKnownFileType = sourcecode.c.objc; path = CHHTTPManager.m; sourceTree = "<group>"; };
		5B8B130A2091CDF900A3B512 /* CHTime.h */ = {isa = PBXFileReference; lastKnownFileType = sourcecode.c.h; path = CHTime.h; sourceTree = "<group>"; };
		5B8B130B2091CDF900A3B512 /* CHTime.m */ = {isa = PBXFileReference; lastKnownFileType = sourcecode.c.objc; path = CHTime.m; sourceTree = "<group>"; };
		5B8B130C2091CE6700A3B512 /* NSObject+CH.m */ = {isa = PBXFileReference; lastKnownFileType = sourcecode.c.objc; path = "NSObject+CH.m"; sourceTree = "<group>"; };
		5B8B130D2091CE6700A3B512 /* NSObject+CH.h */ = {isa = PBXFileReference; lastKnownFileType = sourcecode.c.h; path = "NSObject+CH.h"; sourceTree = "<group>"; };
		5B8F92EB209C2F5600A9DB9C /* CHTransition.h */ = {isa = PBXFileReference; lastKnownFileType = sourcecode.c.h; path = CHTransition.h; sourceTree = "<group>"; };
		5B8F92EC209C2F5600A9DB9C /* CHTransition.m */ = {isa = PBXFileReference; lastKnownFileType = sourcecode.c.objc; path = CHTransition.m; sourceTree = "<group>"; };
		5B8F92F4209C324900A9DB9C /* CHTransitionProtocol.h */ = {isa = PBXFileReference; lastKnownFileType = sourcecode.c.h; path = CHTransitionProtocol.h; sourceTree = "<group>"; };
		5B8F9309209C3BC700A9DB9C /* CHPersonalModel.m */ = {isa = PBXFileReference; lastKnownFileType = sourcecode.c.objc; path = CHPersonalModel.m; sourceTree = "<group>"; };
		5B8F930A209C3BC700A9DB9C /* CHPersonalList.plist */ = {isa = PBXFileReference; lastKnownFileType = text.plist.xml; path = CHPersonalList.plist; sourceTree = "<group>"; };
		5B8F930B209C3BC700A9DB9C /* CHPersonalGroup.h */ = {isa = PBXFileReference; lastKnownFileType = sourcecode.c.h; path = CHPersonalGroup.h; sourceTree = "<group>"; };
		5B8F930C209C3BC700A9DB9C /* CHPersonalModel.h */ = {isa = PBXFileReference; lastKnownFileType = sourcecode.c.h; path = CHPersonalModel.h; sourceTree = "<group>"; };
		5B8F930D209C3BC700A9DB9C /* CHPersonalGroup.m */ = {isa = PBXFileReference; lastKnownFileType = sourcecode.c.objc; path = CHPersonalGroup.m; sourceTree = "<group>"; };
		5B8F930E209C3C7500A9DB9C /* CHUserView.h */ = {isa = PBXFileReference; lastKnownFileType = sourcecode.c.h; path = CHUserView.h; sourceTree = "<group>"; };
		5B8F930F209C3C7500A9DB9C /* CHUserView.m */ = {isa = PBXFileReference; lastKnownFileType = sourcecode.c.objc; path = CHUserView.m; sourceTree = "<group>"; };
		5B8F9311209C3D0700A9DB9C /* CHPersonalTableViewCell.h */ = {isa = PBXFileReference; lastKnownFileType = sourcecode.c.h; path = CHPersonalTableViewCell.h; sourceTree = "<group>"; };
		5B8F9312209C3D0700A9DB9C /* CHPersonalTableViewCell.xib */ = {isa = PBXFileReference; lastKnownFileType = file.xib; path = CHPersonalTableViewCell.xib; sourceTree = "<group>"; };
		5B8F9313209C3D0700A9DB9C /* CHPersonalTableViewCell.m */ = {isa = PBXFileReference; lastKnownFileType = sourcecode.c.objc; path = CHPersonalTableViewCell.m; sourceTree = "<group>"; };
		5B8F9319209C47DE00A9DB9C /* CHUserView.xib */ = {isa = PBXFileReference; lastKnownFileType = file.xib; path = CHUserView.xib; sourceTree = "<group>"; };
		5B8F931B209C4BAC00A9DB9C /* CHNetString.h */ = {isa = PBXFileReference; lastKnownFileType = sourcecode.c.h; path = CHNetString.h; sourceTree = "<group>"; };
		5B8F931C209C4BAC00A9DB9C /* CHNetString.m */ = {isa = PBXFileReference; lastKnownFileType = sourcecode.c.objc; path = CHNetString.m; sourceTree = "<group>"; };
		5B90922420905F430086911A /* URLMacros.h */ = {isa = PBXFileReference; lastKnownFileType = sourcecode.c.h; path = URLMacros.h; sourceTree = "<group>"; };
		5B909225209061FD0086911A /* ThirdMarcos.h */ = {isa = PBXFileReference; lastKnownFileType = sourcecode.c.h; path = ThirdMarcos.h; sourceTree = "<group>"; };
		5B909227209063C90086911A /* UserManager.h */ = {isa = PBXFileReference; lastKnownFileType = sourcecode.c.h; path = UserManager.h; sourceTree = "<group>"; };
		5B909228209063C90086911A /* UserManager.m */ = {isa = PBXFileReference; lastKnownFileType = sourcecode.c.objc; path = UserManager.m; sourceTree = "<group>"; };
		5B90922A209064390086911A /* UserInfo.h */ = {isa = PBXFileReference; lastKnownFileType = sourcecode.c.h; path = UserInfo.h; sourceTree = "<group>"; };
		5B90922B209064390086911A /* UserInfo.m */ = {isa = PBXFileReference; lastKnownFileType = sourcecode.c.objc; path = UserInfo.m; sourceTree = "<group>"; };
		5B90922D2090653C0086911A /* UserToken.h */ = {isa = PBXFileReference; lastKnownFileType = sourcecode.c.h; path = UserToken.h; sourceTree = "<group>"; };
		5B90922E2090653C0086911A /* UserToken.m */ = {isa = PBXFileReference; lastKnownFileType = sourcecode.c.objc; path = UserToken.m; sourceTree = "<group>"; };
		5B90923120906C4F0086911A /* MBProgressHUD+CH.h */ = {isa = PBXFileReference; lastKnownFileType = sourcecode.c.h; path = "MBProgressHUD+CH.h"; sourceTree = "<group>"; };
		5B90923220906C4F0086911A /* MBProgressHUD+CH.m */ = {isa = PBXFileReference; lastKnownFileType = sourcecode.c.objc; path = "MBProgressHUD+CH.m"; sourceTree = "<group>"; };
		5B90923B20907D560086911A /* HeaderModel.h */ = {isa = PBXFileReference; lastKnownFileType = sourcecode.c.h; path = HeaderModel.h; sourceTree = "<group>"; };
		5B90923C20907D560086911A /* HeaderModel.m */ = {isa = PBXFileReference; lastKnownFileType = sourcecode.c.objc; path = HeaderModel.m; sourceTree = "<group>"; };
		5BF98C362091DB1F00C9BD76 /* CHADPageView.h */ = {isa = PBXFileReference; lastKnownFileType = sourcecode.c.h; path = CHADPageView.h; sourceTree = "<group>"; };
		5BF98C372091DB1F00C9BD76 /* CHADPageView.m */ = {isa = PBXFileReference; lastKnownFileType = sourcecode.c.objc; path = CHADPageView.m; sourceTree = "<group>"; };
		5BF98C392091E0E800C9BD76 /* AppManager.h */ = {isa = PBXFileReference; lastKnownFileType = sourcecode.c.h; path = AppManager.h; sourceTree = "<group>"; };
		5BF98C3A2091E0E800C9BD76 /* AppManager.m */ = {isa = PBXFileReference; lastKnownFileType = sourcecode.c.objc; path = AppManager.m; sourceTree = "<group>"; };
/* End PBXFileReference section */

/* Begin PBXFrameworksBuildPhase section */
		5B72CE8B208EFB2F00CA6490 /* Frameworks */ = {
			isa = PBXFrameworksBuildPhase;
			buildActionMask = 2147483647;
			files = (
				A4B01DA84034057C4EC80B75 /* libPods-YMStarsProject.a in Frameworks */,
			);
			runOnlyForDeploymentPostprocessing = 0;
		};
		5B72CEA3208EFB2F00CA6490 /* Frameworks */ = {
			isa = PBXFrameworksBuildPhase;
			buildActionMask = 2147483647;
			files = (
			);
			runOnlyForDeploymentPostprocessing = 0;
		};
		5B72CEAE208EFB2F00CA6490 /* Frameworks */ = {
			isa = PBXFrameworksBuildPhase;
			buildActionMask = 2147483647;
			files = (
			);
			runOnlyForDeploymentPostprocessing = 0;
		};
/* End PBXFrameworksBuildPhase section */

/* Begin PBXGroup section */
		290D8E9F703F52C9FAF2ED27 /* Pods */ = {
			isa = PBXGroup;
			children = (
				2241AE4FBE6541517FE7D62D /* Pods-YMStarsProject.debug.xcconfig */,
				51F514A6B8A3B62C6B439343 /* Pods-YMStarsProject.release.xcconfig */,
			);
			name = Pods;
			sourceTree = "<group>";
		};
		5B72CE85208EFB2F00CA6490 = {
			isa = PBXGroup;
			children = (
				5B72CE90208EFB2F00CA6490 /* YMStarsProject */,
				5B72CEA9208EFB2F00CA6490 /* YMStarsProjectTests */,
				5B72CEB4208EFB2F00CA6490 /* YMStarsProjectUITests */,
				5B72CE8F208EFB2F00CA6490 /* Products */,
				290D8E9F703F52C9FAF2ED27 /* Pods */,
				9375A4C3D12C3C47FFF47591 /* Frameworks */,
			);
			sourceTree = "<group>";
		};
		5B72CE8F208EFB2F00CA6490 /* Products */ = {
			isa = PBXGroup;
			children = (
				5B72CE8E208EFB2F00CA6490 /* YMStarsProject.app */,
				5B72CEA6208EFB2F00CA6490 /* YMStarsProjectTests.xctest */,
				5B72CEB1208EFB2F00CA6490 /* YMStarsProjectUITests.xctest */,
			);
			name = Products;
			sourceTree = "<group>";
		};
		5B72CE90208EFB2F00CA6490 /* YMStarsProject */ = {
			isa = PBXGroup;
			children = (
				5B72CEC3208EFDA700CA6490 /* AppDelegate */,
				5B72CEC4208EFDCC00CA6490 /* Modules */,
				5B72CEC5208EFDDD00CA6490 /* Manager */,
				5B72CEC6208EFDF800CA6490 /* Utils */,
				5B72CEC7208EFE0E00CA6490 /* Base */,
				5B72CEC8208EFE1C00CA6490 /* Define */,
				5B72CEC9208EFE3B00CA6490 /* ThirdParty */,
				5B72CECA208EFE6500CA6490 /* Supporting Files */,
			);
			path = YMStarsProject;
			sourceTree = "<group>";
		};
		5B72CEA9208EFB2F00CA6490 /* YMStarsProjectTests */ = {
			isa = PBXGroup;
			children = (
				5B72CEAA208EFB2F00CA6490 /* YMStarsProjectTests.m */,
				5B72CEAC208EFB2F00CA6490 /* Info.plist */,
			);
			path = YMStarsProjectTests;
			sourceTree = "<group>";
		};
		5B72CEB4208EFB2F00CA6490 /* YMStarsProjectUITests */ = {
			isa = PBXGroup;
			children = (
				5B72CEB5208EFB2F00CA6490 /* YMStarsProjectUITests.m */,
				5B72CEB7208EFB2F00CA6490 /* Info.plist */,
			);
			path = YMStarsProjectUITests;
			sourceTree = "<group>";
		};
		5B72CEC3208EFDA700CA6490 /* AppDelegate */ = {
			isa = PBXGroup;
			children = (
				5B72CE91208EFB2F00CA6490 /* AppDelegate.h */,
				5B72CE92208EFB2F00CA6490 /* AppDelegate.m */,
				5B72CED4208F03A500CA6490 /* AppDelegate+AppService.h */,
				5B72CED5208F03B100CA6490 /* AppDelegate+AppService.m */,
			);
			path = AppDelegate;
			sourceTree = "<group>";
		};
		5B72CEC4208EFDCC00CA6490 /* Modules */ = {
			isa = PBXGroup;
			children = (
				5B72CF00208F311900CA6490 /* Mine(个人) */,
				5B72CEFC208F30FF00CA6490 /* IM(消息) */,
				5B72CEF8208F30DF00CA6490 /* Address List(通讯录) */,
				5B72CEF4208F308B00CA6490 /* Organization(组织) */,
				5B72CEE6208F2B2E00CA6490 /* Login(登录) */,
			);
			path = Modules;
			sourceTree = "<group>";
		};
		5B72CEC5208EFDDD00CA6490 /* Manager */ = {
			isa = PBXGroup;
			children = (
				5B909226209063B40086911A /* UserManager */,
				5BF98C392091E0E800C9BD76 /* AppManager.h */,
				5BF98C3A2091E0E800C9BD76 /* AppManager.m */,
			);
			path = Manager;
			sourceTree = "<group>";
		};
		5B72CEC6208EFDF800CA6490 /* Utils */ = {
			isa = PBXGroup;
			children = (
				5B8F92EA209C2F3000A9DB9C /* CHTransition */,
				5B8B130A2091CDF900A3B512 /* CHTime.h */,
				5B8B130B2091CDF900A3B512 /* CHTime.m */,
				5B8F931B209C4BAC00A9DB9C /* CHNetString.h */,
				5B8F931C209C4BAC00A9DB9C /* CHNetString.m */,
				5BF98C352091DAFB00C9BD76 /* ADPage(广告) */,
				5B90923420907C5C0086911A /* NetWork */,
				5B90923020906C390086911A /* Category */,
			);
			path = Utils;
			sourceTree = "<group>";
		};
		5B72CEC7208EFE0E00CA6490 /* Base */ = {
			isa = PBXGroup;
			children = (
				5B8897872092F7C500450351 /* WebViewController */,
				5B72CEED208F2CB600CA6490 /* TabbarController */,
				5B72CEE0208F1AB900CA6490 /* CHNavigationController.h */,
				5B72CEE1208F1AB900CA6490 /* CHNavigationController.m */,
				5B72CEE3208F22B800CA6490 /* CHRootViewController.h */,
				5B72CEE4208F22B800CA6490 /* CHRootViewController.m */,
			);
			path = Base;
			sourceTree = "<group>";
		};
		5B72CEC8208EFE1C00CA6490 /* Define */ = {
			isa = PBXGroup;
			children = (
				5B72CEDD208F09D700CA6490 /* UtilsMacros.h */,
				5B72CEDE208F116B00CA6490 /* Commonmacros.h */,
				5B72CEDF208F1A3D00CA6490 /* FontAndColorMacros.h */,
				5B90922420905F430086911A /* URLMacros.h */,
				5B909225209061FD0086911A /* ThirdMarcos.h */,
			);
			path = Define;
			sourceTree = "<group>";
		};
		5B72CEC9208EFE3B00CA6490 /* ThirdParty */ = {
			isa = PBXGroup;
			children = (
			);
			path = ThirdParty;
			sourceTree = "<group>";
		};
		5B72CECA208EFE6500CA6490 /* Supporting Files */ = {
			isa = PBXGroup;
			children = (
				5B72CE97208EFB2F00CA6490 /* Main.storyboard */,
				5B72CE9A208EFB2F00CA6490 /* Assets.xcassets */,
				5B72CE9C208EFB2F00CA6490 /* LaunchScreen.storyboard */,
				5B72CE9F208EFB2F00CA6490 /* Info.plist */,
				5B72CEA0208EFB2F00CA6490 /* main.m */,
				5B72CECD208EFF2500CA6490 /* PrefixHeader.pch */,
			);
			path = "Supporting Files";
			sourceTree = "<group>";
		};
		5B72CEE6208F2B2E00CA6490 /* Login(登录) */ = {
			isa = PBXGroup;
			children = (
				5B72CEE7208F2B2E00CA6490 /* Controller */,
				5B72CEE8208F2B2E00CA6490 /* View */,
				5B72CEE9208F2B2E00CA6490 /* Model */,
			);
			path = "Login(登录)";
			sourceTree = "<group>";
		};
		5B72CEE7208F2B2E00CA6490 /* Controller */ = {
			isa = PBXGroup;
			children = (
				5B72CEEA208F2B9100CA6490 /* CHLoginViewController.h */,
				5B72CEEB208F2B9100CA6490 /* CHLoginViewController.m */,
			);
			path = Controller;
			sourceTree = "<group>";
		};
		5B72CEE8208F2B2E00CA6490 /* View */ = {
			isa = PBXGroup;
			children = (
			);
			path = View;
			sourceTree = "<group>";
		};
		5B72CEE9208F2B2E00CA6490 /* Model */ = {
			isa = PBXGroup;
			children = (
			);
			path = Model;
			sourceTree = "<group>";
		};
		5B72CEED208F2CB600CA6490 /* TabbarController */ = {
			isa = PBXGroup;
			children = (
				5B72CEDA208F051C00CA6490 /* MainTabBarController.h */,
				5B72CEDB208F051C00CA6490 /* MainTabBarController.m */,
				5B72CEEE208F2D1B00CA6490 /* UITabBar+CH.h */,
				5B72CEEF208F2D1B00CA6490 /* UITabBar+CH.m */,
				5B72CEF1208F2EDC00CA6490 /* CHTabBar.h */,
				5B72CEF2208F2EDC00CA6490 /* CHTabBar.m */,
			);
			path = TabbarController;
			sourceTree = "<group>";
		};
		5B72CEF4208F308B00CA6490 /* Organization(组织) */ = {
			isa = PBXGroup;
			children = (
				5B72CEF5208F308B00CA6490 /* Controller */,
				5B72CEF6208F308B00CA6490 /* Model */,
				5B72CEF7208F308B00CA6490 /* View */,
			);
			path = "Organization(组织)";
			sourceTree = "<group>";
		};
		5B72CEF5208F308B00CA6490 /* Controller */ = {
			isa = PBXGroup;
			children = (
				5B72CF04208F3B8F00CA6490 /* CHOrganizationViewController.h */,
				5B72CF05208F3B8F00CA6490 /* CHOrganizationViewController.m */,
			);
			path = Controller;
			sourceTree = "<group>";
		};
		5B72CEF6208F308B00CA6490 /* Model */ = {
			isa = PBXGroup;
			children = (
			);
			path = Model;
			sourceTree = "<group>";
		};
		5B72CEF7208F308B00CA6490 /* View */ = {
			isa = PBXGroup;
			children = (
			);
			path = View;
			sourceTree = "<group>";
		};
		5B72CEF8208F30DF00CA6490 /* Address List(通讯录) */ = {
			isa = PBXGroup;
			children = (
				5B72CEF9208F30DF00CA6490 /* Controller */,
				5B72CEFA208F30DF00CA6490 /* Model */,
				5B72CEFB208F30DF00CA6490 /* View */,
			);
			path = "Address List(通讯录)";
			sourceTree = "<group>";
		};
		5B72CEF9208F30DF00CA6490 /* Controller */ = {
			isa = PBXGroup;
			children = (
				5B72CF07208F3BA500CA6490 /* CHAddressListViewController.h */,
				5B72CF08208F3BA500CA6490 /* CHAddressListViewController.m */,
			);
			path = Controller;
			sourceTree = "<group>";
		};
		5B72CEFA208F30DF00CA6490 /* Model */ = {
			isa = PBXGroup;
			children = (
			);
			path = Model;
			sourceTree = "<group>";
		};
		5B72CEFB208F30DF00CA6490 /* View */ = {
			isa = PBXGroup;
			children = (
			);
			path = View;
			sourceTree = "<group>";
		};
		5B72CEFC208F30FF00CA6490 /* IM(消息) */ = {
			isa = PBXGroup;
			children = (
				5B72CEFD208F30FF00CA6490 /* Controller */,
				5B72CEFE208F30FF00CA6490 /* Model */,
				5B72CEFF208F30FF00CA6490 /* View */,
			);
			path = "IM(消息)";
			sourceTree = "<group>";
		};
		5B72CEFD208F30FF00CA6490 /* Controller */ = {
			isa = PBXGroup;
			children = (
				5B72CF0A208F3BB400CA6490 /* CHIMListViewController.h */,
				5B72CF0B208F3BB400CA6490 /* CHIMListViewController.m */,
			);
			path = Controller;
			sourceTree = "<group>";
		};
		5B72CEFE208F30FF00CA6490 /* Model */ = {
			isa = PBXGroup;
			children = (
			);
			path = Model;
			sourceTree = "<group>";
		};
		5B72CEFF208F30FF00CA6490 /* View */ = {
			isa = PBXGroup;
			children = (
			);
			path = View;
			sourceTree = "<group>";
		};
		5B72CF00208F311900CA6490 /* Mine(个人) */ = {
			isa = PBXGroup;
			children = (
				5B8F9305209C3B8F00A9DB9C /* AboutUs(关于我们) */,
				5B8F9301209C3B7400A9DB9C /* Game(游戏) */,
				5B8F92FD209C3B6200A9DB9C /* Service(客服) */,
				5B8F92F9209C3B4100A9DB9C /* PersaonalData(资料) */,
				5B8F92F5209C3B0F00A9DB9C /* SetUp(设置) */,
				5B72CF01208F311900CA6490 /* Controller */,
				5B72CF02208F311900CA6490 /* Model */,
				5B72CF03208F311900CA6490 /* View */,
			);
			path = "Mine(个人)";
			sourceTree = "<group>";
		};
		5B72CF01208F311900CA6490 /* Controller */ = {
			isa = PBXGroup;
			children = (
				5B72CF0D208F3BBE00CA6490 /* CHMineViewController.h */,
				5B72CF0E208F3BBE00CA6490 /* CHMineViewController.m */,
			);
			path = Controller;
			sourceTree = "<group>";
		};
		5B72CF02208F311900CA6490 /* Model */ = {
			isa = PBXGroup;
			children = (
				5B8F930B209C3BC700A9DB9C /* CHPersonalGroup.h */,
				5B8F930D209C3BC700A9DB9C /* CHPersonalGroup.m */,
				5B8F930A209C3BC700A9DB9C /* CHPersonalList.plist */,
				5B8F930C209C3BC700A9DB9C /* CHPersonalModel.h */,
				5B8F9309209C3BC700A9DB9C /* CHPersonalModel.m */,
			);
			path = Model;
			sourceTree = "<group>";
		};
		5B72CF03208F311900CA6490 /* View */ = {
			isa = PBXGroup;
			children = (
				5B8F9311209C3D0700A9DB9C /* CHPersonalTableViewCell.h */,
				5B8F9313209C3D0700A9DB9C /* CHPersonalTableViewCell.m */,
				5B8F9312209C3D0700A9DB9C /* CHPersonalTableViewCell.xib */,
				5B8F930E209C3C7500A9DB9C /* CHUserView.h */,
				5B8F930F209C3C7500A9DB9C /* CHUserView.m */,
				5B8F9319209C47DE00A9DB9C /* CHUserView.xib */,
			);
			path = View;
			sourceTree = "<group>";
		};
		5B8897872092F7C500450351 /* WebViewController */ = {
			isa = PBXGroup;
			children = (
				5B8897882092F7E600450351 /* CHJSHandler.h */,
				5B8897892092F7E600450351 /* CHJSHandler.m */,
				5B88978B2092FA5A00450351 /* CHWebViewController.h */,
				5B88978C2092FA5A00450351 /* CHWebViewController.m */,
				5B88978E20931A7200450351 /* CHBaseWebViewController.h */,
				5B88978F20931A7200450351 /* CHBaseWebViewController.m */,
			);
			path = WebViewController;
			sourceTree = "<group>";
		};
		5B8F92EA209C2F3000A9DB9C /* CHTransition */ = {
			isa = PBXGroup;
			children = (
				5B8F92EB209C2F5600A9DB9C /* CHTransition.h */,
				5B8F92EC209C2F5600A9DB9C /* CHTransition.m */,
				5B8F92F4209C324900A9DB9C /* CHTransitionProtocol.h */,
			);
			path = CHTransition;
			sourceTree = "<group>";
		};
		5B8F92F5209C3B0F00A9DB9C /* SetUp(设置) */ = {
			isa = PBXGroup;
			children = (
				5B8F92F6209C3B0F00A9DB9C /* Controller */,
				5B8F92F7209C3B0F00A9DB9C /* Model */,
				5B8F92F8209C3B0F00A9DB9C /* View */,
			);
			path = "SetUp(设置)";
			sourceTree = "<group>";
		};
		5B8F92F6209C3B0F00A9DB9C /* Controller */ = {
			isa = PBXGroup;
			children = (
			);
			path = Controller;
			sourceTree = "<group>";
		};
		5B8F92F7209C3B0F00A9DB9C /* Model */ = {
			isa = PBXGroup;
			children = (
			);
			path = Model;
			sourceTree = "<group>";
		};
		5B8F92F8209C3B0F00A9DB9C /* View */ = {
			isa = PBXGroup;
			children = (
			);
			path = View;
			sourceTree = "<group>";
		};
		5B8F92F9209C3B4100A9DB9C /* PersaonalData(资料) */ = {
			isa = PBXGroup;
			children = (
				5B8F92FA209C3B4100A9DB9C /* Controller */,
				5B8F92FB209C3B4100A9DB9C /* Model */,
				5B8F92FC209C3B4100A9DB9C /* View */,
			);
			path = "PersaonalData(资料)";
			sourceTree = "<group>";
		};
		5B8F92FA209C3B4100A9DB9C /* Controller */ = {
			isa = PBXGroup;
			children = (
			);
			path = Controller;
			sourceTree = "<group>";
		};
		5B8F92FB209C3B4100A9DB9C /* Model */ = {
			isa = PBXGroup;
			children = (
			);
			path = Model;
			sourceTree = "<group>";
		};
		5B8F92FC209C3B4100A9DB9C /* View */ = {
			isa = PBXGroup;
			children = (
			);
			path = View;
			sourceTree = "<group>";
		};
		5B8F92FD209C3B6200A9DB9C /* Service(客服) */ = {
			isa = PBXGroup;
			children = (
				5B8F92FE209C3B6200A9DB9C /* Controller */,
				5B8F92FF209C3B6200A9DB9C /* Model */,
				5B8F9300209C3B6200A9DB9C /* View */,
			);
			path = "Service(客服)";
			sourceTree = "<group>";
		};
		5B8F92FE209C3B6200A9DB9C /* Controller */ = {
			isa = PBXGroup;
			children = (
			);
			path = Controller;
			sourceTree = "<group>";
		};
		5B8F92FF209C3B6200A9DB9C /* Model */ = {
			isa = PBXGroup;
			children = (
			);
			path = Model;
			sourceTree = "<group>";
		};
		5B8F9300209C3B6200A9DB9C /* View */ = {
			isa = PBXGroup;
			children = (
			);
			path = View;
			sourceTree = "<group>";
		};
		5B8F9301209C3B7400A9DB9C /* Game(游戏) */ = {
			isa = PBXGroup;
			children = (
				5B8F9302209C3B7400A9DB9C /* Controller */,
				5B8F9303209C3B7400A9DB9C /* Model */,
				5B8F9304209C3B7400A9DB9C /* View */,
			);
			path = "Game(游戏)";
			sourceTree = "<group>";
		};
		5B8F9302209C3B7400A9DB9C /* Controller */ = {
			isa = PBXGroup;
			children = (
			);
			path = Controller;
			sourceTree = "<group>";
		};
		5B8F9303209C3B7400A9DB9C /* Model */ = {
			isa = PBXGroup;
			children = (
			);
			path = Model;
			sourceTree = "<group>";
		};
		5B8F9304209C3B7400A9DB9C /* View */ = {
			isa = PBXGroup;
			children = (
			);
			path = View;
			sourceTree = "<group>";
		};
		5B8F9305209C3B8F00A9DB9C /* AboutUs(关于我们) */ = {
			isa = PBXGroup;
			children = (
				5B8F9306209C3B8F00A9DB9C /* Controller */,
				5B8F9307209C3B8F00A9DB9C /* Model */,
				5B8F9308209C3B8F00A9DB9C /* View */,
			);
			path = "AboutUs(关于我们)";
			sourceTree = "<group>";
		};
		5B8F9306209C3B8F00A9DB9C /* Controller */ = {
			isa = PBXGroup;
			children = (
			);
			path = Controller;
			sourceTree = "<group>";
		};
		5B8F9307209C3B8F00A9DB9C /* Model */ = {
			isa = PBXGroup;
			children = (
			);
			path = Model;
			sourceTree = "<group>";
		};
		5B8F9308209C3B8F00A9DB9C /* View */ = {
			isa = PBXGroup;
			children = (
			);
			path = View;
			sourceTree = "<group>";
		};
		5B909226209063B40086911A /* UserManager */ = {
			isa = PBXGroup;
			children = (
				5B909227209063C90086911A /* UserManager.h */,
				5B909228209063C90086911A /* UserManager.m */,
				5B90922A209064390086911A /* UserInfo.h */,
				5B90922B209064390086911A /* UserInfo.m */,
				5B90922D2090653C0086911A /* UserToken.h */,
				5B90922E2090653C0086911A /* UserToken.m */,
			);
			path = UserManager;
			sourceTree = "<group>";
		};
		5B90923020906C390086911A /* Category */ = {
			isa = PBXGroup;
			children = (
				5B8B130D2091CE6700A3B512 /* NSObject+CH.h */,
				5B8B130C2091CE6700A3B512 /* NSObject+CH.m */,
				5B90923120906C4F0086911A /* MBProgressHUD+CH.h */,
				5B90923220906C4F0086911A /* MBProgressHUD+CH.m */,
				5B8B13042091A60F00A3B512 /* UIViewController+AlertViewAndActionSheet.h */,
				5B8B13052091A60F00A3B512 /* UIViewController+AlertViewAndActionSheet.m */,
			);
			path = Category;
			sourceTree = "<group>";
		};
		5B90923420907C5C0086911A /* NetWork */ = {
			isa = PBXGroup;
			children = (
				5B90923B20907D560086911A /* HeaderModel.h */,
				5B90923C20907D560086911A /* HeaderModel.m */,
				5B8B13072091AFEC00A3B512 /* CHHTTPManager.h */,
				5B8B13082091AFEC00A3B512 /* CHHTTPManager.m */,
			);
			path = NetWork;
			sourceTree = "<group>";
		};
		5BF98C352091DAFB00C9BD76 /* ADPage(广告) */ = {
			isa = PBXGroup;
			children = (
				5BF98C362091DB1F00C9BD76 /* CHADPageView.h */,
				5BF98C372091DB1F00C9BD76 /* CHADPageView.m */,
			);
			path = "ADPage(广告)";
			sourceTree = "<group>";
		};
		9375A4C3D12C3C47FFF47591 /* Frameworks */ = {
			isa = PBXGroup;
			children = (
				09596B929F72A4C5FF8054F8 /* libPods-YMStarsProject.a */,
			);
			name = Frameworks;
			sourceTree = "<group>";
		};
/* End PBXGroup section */

/* Begin PBXNativeTarget section */
		5B72CE8D208EFB2F00CA6490 /* YMStarsProject */ = {
			isa = PBXNativeTarget;
			buildConfigurationList = 5B72CEBA208EFB2F00CA6490 /* Build configuration list for PBXNativeTarget "YMStarsProject" */;
			buildPhases = (
				1440F1EC925B3D8B6932A531 /* [CP] Check Pods Manifest.lock */,
				5B72CE8A208EFB2F00CA6490 /* Sources */,
				5B72CE8B208EFB2F00CA6490 /* Frameworks */,
				5B72CE8C208EFB2F00CA6490 /* Resources */,
				D1AEBE94DD39972DA250E3BD /* [CP] Embed Pods Frameworks */,
				ACB6A099D136D0EAE851F2E0 /* [CP] Copy Pods Resources */,
			);
			buildRules = (
			);
			dependencies = (
			);
			name = YMStarsProject;
			productName = YMStarsProject;
			productReference = 5B72CE8E208EFB2F00CA6490 /* YMStarsProject.app */;
			productType = "com.apple.product-type.application";
		};
		5B72CEA5208EFB2F00CA6490 /* YMStarsProjectTests */ = {
			isa = PBXNativeTarget;
			buildConfigurationList = 5B72CEBD208EFB2F00CA6490 /* Build configuration list for PBXNativeTarget "YMStarsProjectTests" */;
			buildPhases = (
				5B72CEA2208EFB2F00CA6490 /* Sources */,
				5B72CEA3208EFB2F00CA6490 /* Frameworks */,
				5B72CEA4208EFB2F00CA6490 /* Resources */,
			);
			buildRules = (
			);
			dependencies = (
				5B72CEA8208EFB2F00CA6490 /* PBXTargetDependency */,
			);
			name = YMStarsProjectTests;
			productName = YMStarsProjectTests;
			productReference = 5B72CEA6208EFB2F00CA6490 /* YMStarsProjectTests.xctest */;
			productType = "com.apple.product-type.bundle.unit-test";
		};
		5B72CEB0208EFB2F00CA6490 /* YMStarsProjectUITests */ = {
			isa = PBXNativeTarget;
			buildConfigurationList = 5B72CEC0208EFB2F00CA6490 /* Build configuration list for PBXNativeTarget "YMStarsProjectUITests" */;
			buildPhases = (
				5B72CEAD208EFB2F00CA6490 /* Sources */,
				5B72CEAE208EFB2F00CA6490 /* Frameworks */,
				5B72CEAF208EFB2F00CA6490 /* Resources */,
			);
			buildRules = (
			);
			dependencies = (
				5B72CEB3208EFB2F00CA6490 /* PBXTargetDependency */,
			);
			name = YMStarsProjectUITests;
			productName = YMStarsProjectUITests;
			productReference = 5B72CEB1208EFB2F00CA6490 /* YMStarsProjectUITests.xctest */;
			productType = "com.apple.product-type.bundle.ui-testing";
		};
/* End PBXNativeTarget section */

/* Begin PBXProject section */
		5B72CE86208EFB2F00CA6490 /* Project object */ = {
			isa = PBXProject;
			attributes = {
				LastUpgradeCheck = 0900;
				ORGANIZATIONNAME = "黄灿辉";
				TargetAttributes = {
					5B72CE8D208EFB2F00CA6490 = {
						CreatedOnToolsVersion = 9.0;
						ProvisioningStyle = Automatic;
					};
					5B72CEA5208EFB2F00CA6490 = {
						CreatedOnToolsVersion = 9.0;
						ProvisioningStyle = Automatic;
						TestTargetID = 5B72CE8D208EFB2F00CA6490;
					};
					5B72CEB0208EFB2F00CA6490 = {
						CreatedOnToolsVersion = 9.0;
						ProvisioningStyle = Automatic;
						TestTargetID = 5B72CE8D208EFB2F00CA6490;
					};
				};
			};
			buildConfigurationList = 5B72CE89208EFB2F00CA6490 /* Build configuration list for PBXProject "YMStarsProject" */;
			compatibilityVersion = "Xcode 8.0";
			developmentRegion = en;
			hasScannedForEncodings = 0;
			knownRegions = (
				en,
				Base,
			);
			mainGroup = 5B72CE85208EFB2F00CA6490;
			productRefGroup = 5B72CE8F208EFB2F00CA6490 /* Products */;
			projectDirPath = "";
			projectRoot = "";
			targets = (
				5B72CE8D208EFB2F00CA6490 /* YMStarsProject */,
				5B72CEA5208EFB2F00CA6490 /* YMStarsProjectTests */,
				5B72CEB0208EFB2F00CA6490 /* YMStarsProjectUITests */,
			);
		};
/* End PBXProject section */

/* Begin PBXResourcesBuildPhase section */
		5B72CE8C208EFB2F00CA6490 /* Resources */ = {
			isa = PBXResourcesBuildPhase;
			buildActionMask = 2147483647;
			files = (
				5B8F931A209C47E500A9DB9C /* CHUserView.xib in Resources */,
				5B8F9318209C44AD00A9DB9C /* CHPersonalTableViewCell.xib in Resources */,
				5B8F9317209C446400A9DB9C /* CHPersonalList.plist in Resources */,
				5B72CE9E208EFB2F00CA6490 /* LaunchScreen.storyboard in Resources */,
				5B72CE9B208EFB2F00CA6490 /* Assets.xcassets in Resources */,
				5B72CE99208EFB2F00CA6490 /* Main.storyboard in Resources */,
			);
			runOnlyForDeploymentPostprocessing = 0;
		};
		5B72CEA4208EFB2F00CA6490 /* Resources */ = {
			isa = PBXResourcesBuildPhase;
			buildActionMask = 2147483647;
			files = (
			);
			runOnlyForDeploymentPostprocessing = 0;
		};
		5B72CEAF208EFB2F00CA6490 /* Resources */ = {
			isa = PBXResourcesBuildPhase;
			buildActionMask = 2147483647;
			files = (
			);
			runOnlyForDeploymentPostprocessing = 0;
		};
/* End PBXResourcesBuildPhase section */

/* Begin PBXShellScriptBuildPhase section */
		1440F1EC925B3D8B6932A531 /* [CP] Check Pods Manifest.lock */ = {
			isa = PBXShellScriptBuildPhase;
			buildActionMask = 2147483647;
			files = (
			);
			inputPaths = (
				"${PODS_PODFILE_DIR_PATH}/Podfile.lock",
				"${PODS_ROOT}/Manifest.lock",
			);
			name = "[CP] Check Pods Manifest.lock";
			outputPaths = (
				"$(DERIVED_FILE_DIR)/Pods-YMStarsProject-checkManifestLockResult.txt",
			);
			runOnlyForDeploymentPostprocessing = 0;
			shellPath = /bin/sh;
			shellScript = "diff \"${PODS_PODFILE_DIR_PATH}/Podfile.lock\" \"${PODS_ROOT}/Manifest.lock\" > /dev/null\nif [ $? != 0 ] ; then\n    # print error to STDERR\n    echo \"error: The sandbox is not in sync with the Podfile.lock. Run 'pod install' or update your CocoaPods installation.\" >&2\n    exit 1\nfi\n# This output is used by Xcode 'outputs' to avoid re-running this script phase.\necho \"SUCCESS\" > \"${SCRIPT_OUTPUT_FILE_0}\"\n";
			showEnvVarsInLog = 0;
		};
		ACB6A099D136D0EAE851F2E0 /* [CP] Copy Pods Resources */ = {
			isa = PBXShellScriptBuildPhase;
			buildActionMask = 2147483647;
			files = (
			);
			inputPaths = (
				"${SRCROOT}/Pods/Target Support Files/Pods-YMStarsProject/Pods-YMStarsProject-resources.sh",
				"${PODS_ROOT}/MJRefresh/MJRefresh/MJRefresh.bundle",
			);
			name = "[CP] Copy Pods Resources";
			outputPaths = (
				"${TARGET_BUILD_DIR}/${UNLOCALIZED_RESOURCES_FOLDER_PATH}",
			);
			runOnlyForDeploymentPostprocessing = 0;
			shellPath = /bin/sh;
			shellScript = "\"${SRCROOT}/Pods/Target Support Files/Pods-YMStarsProject/Pods-YMStarsProject-resources.sh\"\n";
			showEnvVarsInLog = 0;
		};
		D1AEBE94DD39972DA250E3BD /* [CP] Embed Pods Frameworks */ = {
			isa = PBXShellScriptBuildPhase;
			buildActionMask = 2147483647;
			files = (
			);
			inputPaths = (
			);
			name = "[CP] Embed Pods Frameworks";
			outputPaths = (
			);
			runOnlyForDeploymentPostprocessing = 0;
			shellPath = /bin/sh;
			shellScript = "\"${SRCROOT}/Pods/Target Support Files/Pods-YMStarsProject/Pods-YMStarsProject-frameworks.sh\"\n";
			showEnvVarsInLog = 0;
		};
/* End PBXShellScriptBuildPhase section */

/* Begin PBXSourcesBuildPhase section */
		5B72CE8A208EFB2F00CA6490 /* Sources */ = {
			isa = PBXSourcesBuildPhase;
			buildActionMask = 2147483647;
			files = (
				5B8F9315209C41E100A9DB9C /* CHPersonalGroup.m in Sources */,
				5B8F9316209C41E100A9DB9C /* CHPersonalModel.m in Sources */,
				5BF98C342091CFF300C9BD76 /* CHTime.m in Sources */,
				5B72CF06208F3B8F00CA6490 /* CHOrganizationViewController.m in Sources */,
				5B72CEF0208F2D1B00CA6490 /* UITabBar+CH.m in Sources */,
				5B72CED6208F03B100CA6490 /* AppDelegate+AppService.m in Sources */,
				5B72CEA1208EFB2F00CA6490 /* main.m in Sources */,
				5B72CEDC208F051C00CA6490 /* MainTabBarController.m in Sources */,
				5B8F931D209C4BAD00A9DB9C /* CHNetString.m in Sources */,
				5B8B13092091AFEC00A3B512 /* CHHTTPManager.m in Sources */,
				5B72CEF3208F2EDC00CA6490 /* CHTabBar.m in Sources */,
				5B90922F2090653C0086911A /* UserToken.m in Sources */,
				5B72CE93208EFB2F00CA6490 /* AppDelegate.m in Sources */,
				5B72CF0C208F3BB400CA6490 /* CHIMListViewController.m in Sources */,
				5BF98C3B2091E0E800C9BD76 /* AppManager.m in Sources */,
				5B8B130E2091CE6700A3B512 /* NSObject+CH.m in Sources */,
				5B88978A2092F7E600450351 /* CHJSHandler.m in Sources */,
				5B88978D2092FA5A00450351 /* CHWebViewController.m in Sources */,
				5B909229209063C90086911A /* UserManager.m in Sources */,
				5B8F9314209C3D0700A9DB9C /* CHPersonalTableViewCell.m in Sources */,
				5B90923320906C4F0086911A /* MBProgressHUD+CH.m in Sources */,
				5B72CF0F208F3BBE00CA6490 /* CHMineViewController.m in Sources */,
				5B72CF09208F3BA500CA6490 /* CHAddressListViewController.m in Sources */,
				5B72CEE2208F1AB900CA6490 /* CHNavigationController.m in Sources */,
				5BF98C382091DB1F00C9BD76 /* CHADPageView.m in Sources */,
				5B88979020931A7200450351 /* CHBaseWebViewController.m in Sources */,
				5B90923D20907D560086911A /* HeaderModel.m in Sources */,
				5B72CEE5208F22B800CA6490 /* CHRootViewController.m in Sources */,
				5B90922C209064390086911A /* UserInfo.m in Sources */,
				5B72CEEC208F2B9100CA6490 /* CHLoginViewController.m in Sources */,
				5B8B13062091A60F00A3B512 /* UIViewController+AlertViewAndActionSheet.m in Sources */,
				5B8F92ED209C2F5600A9DB9C /* CHTransition.m in Sources */,
				5B8F9310209C3C7500A9DB9C /* CHUserView.m in Sources */,
			);
			runOnlyForDeploymentPostprocessing = 0;
		};
		5B72CEA2208EFB2F00CA6490 /* Sources */ = {
			isa = PBXSourcesBuildPhase;
			buildActionMask = 2147483647;
			files = (
				5B72CEAB208EFB2F00CA6490 /* YMStarsProjectTests.m in Sources */,
			);
			runOnlyForDeploymentPostprocessing = 0;
		};
		5B72CEAD208EFB2F00CA6490 /* Sources */ = {
			isa = PBXSourcesBuildPhase;
			buildActionMask = 2147483647;
			files = (
				5B72CEB6208EFB2F00CA6490 /* YMStarsProjectUITests.m in Sources */,
			);
			runOnlyForDeploymentPostprocessing = 0;
		};
/* End PBXSourcesBuildPhase section */

/* Begin PBXTargetDependency section */
		5B72CEA8208EFB2F00CA6490 /* PBXTargetDependency */ = {
			isa = PBXTargetDependency;
			target = 5B72CE8D208EFB2F00CA6490 /* YMStarsProject */;
			targetProxy = 5B72CEA7208EFB2F00CA6490 /* PBXContainerItemProxy */;
		};
		5B72CEB3208EFB2F00CA6490 /* PBXTargetDependency */ = {
			isa = PBXTargetDependency;
			target = 5B72CE8D208EFB2F00CA6490 /* YMStarsProject */;
			targetProxy = 5B72CEB2208EFB2F00CA6490 /* PBXContainerItemProxy */;
		};
/* End PBXTargetDependency section */

/* Begin PBXVariantGroup section */
		5B72CE97208EFB2F00CA6490 /* Main.storyboard */ = {
			isa = PBXVariantGroup;
			children = (
				5B72CE98208EFB2F00CA6490 /* Base */,
			);
			name = Main.storyboard;
			sourceTree = "<group>";
		};
		5B72CE9C208EFB2F00CA6490 /* LaunchScreen.storyboard */ = {
			isa = PBXVariantGroup;
			children = (
				5B72CE9D208EFB2F00CA6490 /* Base */,
			);
			name = LaunchScreen.storyboard;
			sourceTree = "<group>";
		};
/* End PBXVariantGroup section */

/* Begin XCBuildConfiguration section */
		5B72CEB8208EFB2F00CA6490 /* Debug */ = {
			isa = XCBuildConfiguration;
			buildSettings = {
				ALWAYS_SEARCH_USER_PATHS = NO;
				CLANG_ANALYZER_NONNULL = YES;
				CLANG_ANALYZER_NUMBER_OBJECT_CONVERSION = YES_AGGRESSIVE;
				CLANG_CXX_LANGUAGE_STANDARD = "gnu++14";
				CLANG_CXX_LIBRARY = "libc++";
				CLANG_ENABLE_MODULES = YES;
				CLANG_ENABLE_OBJC_ARC = YES;
				CLANG_WARN_BLOCK_CAPTURE_AUTORELEASING = YES;
				CLANG_WARN_BOOL_CONVERSION = YES;
				CLANG_WARN_COMMA = YES;
				CLANG_WARN_CONSTANT_CONVERSION = YES;
				CLANG_WARN_DIRECT_OBJC_ISA_USAGE = YES_ERROR;
				CLANG_WARN_DOCUMENTATION_COMMENTS = YES;
				CLANG_WARN_EMPTY_BODY = YES;
				CLANG_WARN_ENUM_CONVERSION = YES;
				CLANG_WARN_INFINITE_RECURSION = YES;
				CLANG_WARN_INT_CONVERSION = YES;
				CLANG_WARN_NON_LITERAL_NULL_CONVERSION = YES;
				CLANG_WARN_OBJC_LITERAL_CONVERSION = YES;
				CLANG_WARN_OBJC_ROOT_CLASS = YES_ERROR;
				CLANG_WARN_RANGE_LOOP_ANALYSIS = YES;
				CLANG_WARN_STRICT_PROTOTYPES = YES;
				CLANG_WARN_SUSPICIOUS_MOVE = YES;
				CLANG_WARN_UNGUARDED_AVAILABILITY = YES_AGGRESSIVE;
				CLANG_WARN_UNREACHABLE_CODE = YES;
				CLANG_WARN__DUPLICATE_METHOD_MATCH = YES;
				CODE_SIGN_IDENTITY = "iPhone Developer";
				COPY_PHASE_STRIP = NO;
				DEBUG_INFORMATION_FORMAT = dwarf;
				ENABLE_STRICT_OBJC_MSGSEND = YES;
				ENABLE_TESTABILITY = YES;
				GCC_C_LANGUAGE_STANDARD = gnu11;
				GCC_DYNAMIC_NO_PIC = NO;
				GCC_NO_COMMON_BLOCKS = YES;
				GCC_OPTIMIZATION_LEVEL = 0;
				GCC_PREPROCESSOR_DEFINITIONS = (
					"DEBUG=1",
					"$(inherited)",
				);
				GCC_WARN_64_TO_32_BIT_CONVERSION = YES;
				GCC_WARN_ABOUT_RETURN_TYPE = YES_ERROR;
				GCC_WARN_UNDECLARED_SELECTOR = YES;
				GCC_WARN_UNINITIALIZED_AUTOS = YES_AGGRESSIVE;
				GCC_WARN_UNUSED_FUNCTION = YES;
				GCC_WARN_UNUSED_VARIABLE = YES;
				IPHONEOS_DEPLOYMENT_TARGET = 11.0;
				MTL_ENABLE_DEBUG_INFO = YES;
				ONLY_ACTIVE_ARCH = YES;
				SDKROOT = iphoneos;
			};
			name = Debug;
		};
		5B72CEB9208EFB2F00CA6490 /* Release */ = {
			isa = XCBuildConfiguration;
			buildSettings = {
				ALWAYS_SEARCH_USER_PATHS = NO;
				CLANG_ANALYZER_NONNULL = YES;
				CLANG_ANALYZER_NUMBER_OBJECT_CONVERSION = YES_AGGRESSIVE;
				CLANG_CXX_LANGUAGE_STANDARD = "gnu++14";
				CLANG_CXX_LIBRARY = "libc++";
				CLANG_ENABLE_MODULES = YES;
				CLANG_ENABLE_OBJC_ARC = YES;
				CLANG_WARN_BLOCK_CAPTURE_AUTORELEASING = YES;
				CLANG_WARN_BOOL_CONVERSION = YES;
				CLANG_WARN_COMMA = YES;
				CLANG_WARN_CONSTANT_CONVERSION = YES;
				CLANG_WARN_DIRECT_OBJC_ISA_USAGE = YES_ERROR;
				CLANG_WARN_DOCUMENTATION_COMMENTS = YES;
				CLANG_WARN_EMPTY_BODY = YES;
				CLANG_WARN_ENUM_CONVERSION = YES;
				CLANG_WARN_INFINITE_RECURSION = YES;
				CLANG_WARN_INT_CONVERSION = YES;
				CLANG_WARN_NON_LITERAL_NULL_CONVERSION = YES;
				CLANG_WARN_OBJC_LITERAL_CONVERSION = YES;
				CLANG_WARN_OBJC_ROOT_CLASS = YES_ERROR;
				CLANG_WARN_RANGE_LOOP_ANALYSIS = YES;
				CLANG_WARN_STRICT_PROTOTYPES = YES;
				CLANG_WARN_SUSPICIOUS_MOVE = YES;
				CLANG_WARN_UNGUARDED_AVAILABILITY = YES_AGGRESSIVE;
				CLANG_WARN_UNREACHABLE_CODE = YES;
				CLANG_WARN__DUPLICATE_METHOD_MATCH = YES;
				CODE_SIGN_IDENTITY = "iPhone Developer";
				COPY_PHASE_STRIP = NO;
				DEBUG_INFORMATION_FORMAT = "dwarf-with-dsym";
				ENABLE_NS_ASSERTIONS = NO;
				ENABLE_STRICT_OBJC_MSGSEND = YES;
				GCC_C_LANGUAGE_STANDARD = gnu11;
				GCC_NO_COMMON_BLOCKS = YES;
				GCC_WARN_64_TO_32_BIT_CONVERSION = YES;
				GCC_WARN_ABOUT_RETURN_TYPE = YES_ERROR;
				GCC_WARN_UNDECLARED_SELECTOR = YES;
				GCC_WARN_UNINITIALIZED_AUTOS = YES_AGGRESSIVE;
				GCC_WARN_UNUSED_FUNCTION = YES;
				GCC_WARN_UNUSED_VARIABLE = YES;
				IPHONEOS_DEPLOYMENT_TARGET = 11.0;
				MTL_ENABLE_DEBUG_INFO = NO;
				SDKROOT = iphoneos;
				VALIDATE_PRODUCT = YES;
			};
			name = Release;
		};
		5B72CEBB208EFB2F00CA6490 /* Debug */ = {
			isa = XCBuildConfiguration;
			baseConfigurationReference = 2241AE4FBE6541517FE7D62D /* Pods-YMStarsProject.debug.xcconfig */;
			buildSettings = {
				ASSETCATALOG_COMPILER_APPICON_NAME = AppIcon;
				CODE_SIGN_STYLE = Automatic;
				DEVELOPMENT_TEAM = 2JN7QK688A;
				GCC_PREFIX_HEADER = "/Users/hch/Desktop/YMStarsProject/YMStarsProject/Supporting Files/PrefixHeader.pch";
				INFOPLIST_FILE = "YMStarsProject/Supporting Files/Info.plist";
				IPHONEOS_DEPLOYMENT_TARGET = 11.0;
				LD_RUNPATH_SEARCH_PATHS = "$(inherited) @executable_path/Frameworks";
				PRODUCT_BUNDLE_IDENTIFIER = "-------------.YMStarsProject";
				PRODUCT_NAME = "$(TARGET_NAME)";
				TARGETED_DEVICE_FAMILY = "1,2";
				USER_HEADER_SEARCH_PATHS = "$(SRCROOT)/YMStarsProject/Define $(SRCROOT)/YMStarsProject/Utils/CHTransition $(PODS_ROOT)/**";
			};
			name = Debug;
		};
		5B72CEBC208EFB2F00CA6490 /* Release */ = {
			isa = XCBuildConfiguration;
			baseConfigurationReference = 51F514A6B8A3B62C6B439343 /* Pods-YMStarsProject.release.xcconfig */;
			buildSettings = {
				ASSETCATALOG_COMPILER_APPICON_NAME = AppIcon;
				CODE_SIGN_STYLE = Automatic;
				DEVELOPMENT_TEAM = 2JN7QK688A;
				GCC_PREFIX_HEADER = "/Users/hch/Desktop/YMStarsProject/YMStarsProject/Supporting Files/PrefixHeader.pch";
				INFOPLIST_FILE = "YMStarsProject/Supporting Files/Info.plist";
				IPHONEOS_DEPLOYMENT_TARGET = 11.0;
				LD_RUNPATH_SEARCH_PATHS = "$(inherited) @executable_path/Frameworks";
				PRODUCT_BUNDLE_IDENTIFIER = "-------------.YMStarsProject";
				PRODUCT_NAME = "$(TARGET_NAME)";
				TARGETED_DEVICE_FAMILY = "1,2";
				USER_HEADER_SEARCH_PATHS = "$(SRCROOT)/YMStarsProject/Define $(SRCROOT)/YMStarsProject/Utils/CHTransition $(PODS_ROOT)/**";
			};
			name = Release;
		};
		5B72CEBE208EFB2F00CA6490 /* Debug */ = {
			isa = XCBuildConfiguration;
			buildSettings = {
				BUNDLE_LOADER = "$(TEST_HOST)";
				CODE_SIGN_STYLE = Automatic;
				DEVELOPMENT_TEAM = 2JN7QK688A;
				INFOPLIST_FILE = YMStarsProjectTests/Info.plist;
				LD_RUNPATH_SEARCH_PATHS = "$(inherited) @executable_path/Frameworks @loader_path/Frameworks";
				PRODUCT_BUNDLE_IDENTIFIER = "-------------.YMStarsProjectTests";
				PRODUCT_NAME = "$(TARGET_NAME)";
				TARGETED_DEVICE_FAMILY = "1,2";
				TEST_HOST = "$(BUILT_PRODUCTS_DIR)/YMStarsProject.app/YMStarsProject";
			};
			name = Debug;
		};
		5B72CEBF208EFB2F00CA6490 /* Release */ = {
			isa = XCBuildConfiguration;
			buildSettings = {
				BUNDLE_LOADER = "$(TEST_HOST)";
				CODE_SIGN_STYLE = Automatic;
				DEVELOPMENT_TEAM = 2JN7QK688A;
				INFOPLIST_FILE = YMStarsProjectTests/Info.plist;
				LD_RUNPATH_SEARCH_PATHS = "$(inherited) @executable_path/Frameworks @loader_path/Frameworks";
				PRODUCT_BUNDLE_IDENTIFIER = "-------------.YMStarsProjectTests";
				PRODUCT_NAME = "$(TARGET_NAME)";
				TARGETED_DEVICE_FAMILY = "1,2";
				TEST_HOST = "$(BUILT_PRODUCTS_DIR)/YMStarsProject.app/YMStarsProject";
			};
			name = Release;
		};
		5B72CEC1208EFB2F00CA6490 /* Debug */ = {
			isa = XCBuildConfiguration;
			buildSettings = {
				CODE_SIGN_STYLE = Automatic;
				DEVELOPMENT_TEAM = 2JN7QK688A;
				INFOPLIST_FILE = YMStarsProjectUITests/Info.plist;
				LD_RUNPATH_SEARCH_PATHS = "$(inherited) @executable_path/Frameworks @loader_path/Frameworks";
				PRODUCT_BUNDLE_IDENTIFIER = "-------------.YMStarsProjectUITests";
				PRODUCT_NAME = "$(TARGET_NAME)";
				TARGETED_DEVICE_FAMILY = "1,2";
				TEST_TARGET_NAME = YMStarsProject;
			};
			name = Debug;
		};
		5B72CEC2208EFB2F00CA6490 /* Release */ = {
			isa = XCBuildConfiguration;
			buildSettings = {
				CODE_SIGN_STYLE = Automatic;
				DEVELOPMENT_TEAM = 2JN7QK688A;
				INFOPLIST_FILE = YMStarsProjectUITests/Info.plist;
				LD_RUNPATH_SEARCH_PATHS = "$(inherited) @executable_path/Frameworks @loader_path/Frameworks";
				PRODUCT_BUNDLE_IDENTIFIER = "-------------.YMStarsProjectUITests";
				PRODUCT_NAME = "$(TARGET_NAME)";
				TARGETED_DEVICE_FAMILY = "1,2";
				TEST_TARGET_NAME = YMStarsProject;
			};
			name = Release;
		};
/* End XCBuildConfiguration section */

/* Begin XCConfigurationList section */
		5B72CE89208EFB2F00CA6490 /* Build configuration list for PBXProject "YMStarsProject" */ = {
			isa = XCConfigurationList;
			buildConfigurations = (
				5B72CEB8208EFB2F00CA6490 /* Debug */,
				5B72CEB9208EFB2F00CA6490 /* Release */,
			);
			defaultConfigurationIsVisible = 0;
			defaultConfigurationName = Release;
		};
		5B72CEBA208EFB2F00CA6490 /* Build configuration list for PBXNativeTarget "YMStarsProject" */ = {
			isa = XCConfigurationList;
			buildConfigurations = (
				5B72CEBB208EFB2F00CA6490 /* Debug */,
				5B72CEBC208EFB2F00CA6490 /* Release */,
			);
			defaultConfigurationIsVisible = 0;
			defaultConfigurationName = Release;
		};
		5B72CEBD208EFB2F00CA6490 /* Build configuration list for PBXNativeTarget "YMStarsProjectTests" */ = {
			isa = XCConfigurationList;
			buildConfigurations = (
				5B72CEBE208EFB2F00CA6490 /* Debug */,
				5B72CEBF208EFB2F00CA6490 /* Release */,
			);
			defaultConfigurationIsVisible = 0;
			defaultConfigurationName = Release;
		};
		5B72CEC0208EFB2F00CA6490 /* Build configuration list for PBXNativeTarget "YMStarsProjectUITests" */ = {
			isa = XCConfigurationList;
			buildConfigurations = (
				5B72CEC1208EFB2F00CA6490 /* Debug */,
				5B72CEC2208EFB2F00CA6490 /* Release */,
			);
			defaultConfigurationIsVisible = 0;
			defaultConfigurationName = Release;
		};
/* End XCConfigurationList section */
	};
	rootObject = 5B72CE86208EFB2F00CA6490 /* Project object */;
}
